// !$*UTF8*$!
{
	archiveVersion = 1;
	classes = {
	};
	objectVersion = 46;
	objects = {

/* Begin PBXBuildFile section */
		84B9448E1E6D392B00036F9F /* main.m in Sources */ = {isa = PBXBuildFile; fileRef = 84B9448D1E6D392B00036F9F /* main.m */; };
		84B944911E6D392B00036F9F /* AppDelegate.m in Sources */ = {isa = PBXBuildFile; fileRef = 84B944901E6D392B00036F9F /* AppDelegate.m */; };
		84B944941E6D392B00036F9F /* ViewController.m in Sources */ = {isa = PBXBuildFile; fileRef = 84B944931E6D392B00036F9F /* ViewController.m */; };
		84B944971E6D392B00036F9F /* Main.storyboard in Resources */ = {isa = PBXBuildFile; fileRef = 84B944951E6D392B00036F9F /* Main.storyboard */; };
		84B944991E6D392B00036F9F /* Assets.xcassets in Resources */ = {isa = PBXBuildFile; fileRef = 84B944981E6D392B00036F9F /* Assets.xcassets */; };
		84B9449C1E6D392B00036F9F /* LaunchScreen.storyboard in Resources */ = {isa = PBXBuildFile; fileRef = 84B9449A1E6D392B00036F9F /* LaunchScreen.storyboard */; };
		84B944A71E6D392B00036F9F /* WGSlideBarTests.m in Sources */ = {isa = PBXBuildFile; fileRef = 84B944A61E6D392B00036F9F /* WGSlideBarTests.m */; };
		84B944B21E6D392B00036F9F /* WGSlideBarUITests.m in Sources */ = {isa = PBXBuildFile; fileRef = 84B944B11E6D392B00036F9F /* WGSlideBarUITests.m */; };
		84B944C11E6D397000036F9F /* WGSlideBar.m in Sources */ = {isa = PBXBuildFile; fileRef = 84B944C01E6D397000036F9F /* WGSlideBar.m */; };
/* End PBXBuildFile section */

/* Begin PBXContainerItemProxy section */
		84B944A31E6D392B00036F9F /* PBXContainerItemProxy */ = {
			isa = PBXContainerItemProxy;
			containerPortal = 84B944811E6D392B00036F9F /* Project object */;
			proxyType = 1;
			remoteGlobalIDString = 84B944881E6D392B00036F9F;
			remoteInfo = WGSlideBar;
		};
		84B944AE1E6D392B00036F9F /* PBXContainerItemProxy */ = {
			isa = PBXContainerItemProxy;
			containerPortal = 84B944811E6D392B00036F9F /* Project object */;
			proxyType = 1;
			remoteGlobalIDString = 84B944881E6D392B00036F9F;
			remoteInfo = WGSlideBar;
		};
/* End PBXContainerItemProxy section */

/* Begin PBXFileReference section */
		84B944891E6D392B00036F9F /* WGSlideBar.app */ = {isa = PBXFileReference; explicitFileType = wrapper.application; includeInIndex = 0; path = WGSlideBar.app; sourceTree = BUILT_PRODUCTS_DIR; };
		84B9448D1E6D392B00036F9F /* main.m */ = {isa = PBXFileReference; lastKnownFileType = sourcecode.c.objc; path = main.m; sourceTree = "<group>"; };
		84B9448F1E6D392B00036F9F /* AppDelegate.h */ = {isa = PBXFileReference; lastKnownFileType = sourcecode.c.h; path = AppDelegate.h; sourceTree = "<group>"; };
		84B944901E6D392B00036F9F /* AppDelegate.m */ = {isa = PBXFileReference; lastKnownFileType = sourcecode.c.objc; path = AppDelegate.m; sourceTree = "<group>"; };
		84B944921E6D392B00036F9F /* ViewController.h */ = {isa = PBXFileReference; lastKnownFileType = sourcecode.c.h; path = ViewController.h; sourceTree = "<group>"; };
		84B944931E6D392B00036F9F /* ViewController.m */ = {isa = PBXFileReference; lastKnownFileType = sourcecode.c.objc; path = ViewController.m; sourceTree = "<group>"; };
		84B944961E6D392B00036F9F /* Base */ = {isa = PBXFileReference; lastKnownFileType = file.storyboard; name = Base; path = Base.lproj/Main.storyboard; sourceTree = "<group>"; };
		84B944981E6D392B00036F9F /* Assets.xcassets */ = {isa = PBXFileReference; lastKnownFileType = folder.assetcatalog; path = Assets.xcassets; sourceTree = "<group>"; };
		84B9449B1E6D392B00036F9F /* Base */ = {isa = PBXFileReference; lastKnownFileType = file.storyboard; name = Base; path = Base.lproj/LaunchScreen.storyboard; sourceTree = "<group>"; };
		84B9449D1E6D392B00036F9F /* Info.plist */ = {isa = PBXFileReference; lastKnownFileType = text.plist.xml; path = Info.plist; sourceTree = "<group>"; };
		84B944A21E6D392B00036F9F /* WGSlideBarTests.xctest */ = {isa = PBXFileReference; explicitFileType = wrapper.cfbundle; includeInIndex = 0; path = WGSlideBarTests.xctest; sourceTree = BUILT_PRODUCTS_DIR; };
		84B944A61E6D392B00036F9F /* WGSlideBarTests.m */ = {isa = PBXFileReference; lastKnownFileType = sourcecode.c.objc; path = WGSlideBarTests.m; sourceTree = "<group>"; };
		84B944A81E6D392B00036F9F /* Info.plist */ = {isa = PBXFileReference; lastKnownFileType = text.plist.xml; path = Info.plist; sourceTree = "<group>"; };
		84B944AD1E6D392B00036F9F /* WGSlideBarUITests.xctest */ = {isa = PBXFileReference; explicitFileType = wrapper.cfbundle; includeInIndex = 0; path = WGSlideBarUITests.xctest; sourceTree = BUILT_PRODUCTS_DIR; };
		84B944B11E6D392B00036F9F /* WGSlideBarUITests.m */ = {isa = PBXFileReference; lastKnownFileType = sourcecode.c.objc; path = WGSlideBarUITests.m; sourceTree = "<group>"; };
		84B944B31E6D392B00036F9F /* Info.plist */ = {isa = PBXFileReference; lastKnownFileType = text.plist.xml; path = Info.plist; sourceTree = "<group>"; };
		84B944BF1E6D397000036F9F /* WGSlideBar.h */ = {isa = PBXFileReference; fileEncoding = 4; lastKnownFileType = sourcecode.c.h; path = WGSlideBar.h; sourceTree = "<group>"; };
		84B944C01E6D397000036F9F /* WGSlideBar.m */ = {isa = PBXFileReference; fileEncoding = 4; lastKnownFileType = sourcecode.c.objc; path = WGSlideBar.m; sourceTree = "<group>"; };
/* End PBXFileReference section */

/* Begin PBXFrameworksBuildPhase section */
		84B944861E6D392B00036F9F /* Frameworks */ = {
			isa = PBXFrameworksBuildPhase;
			buildActionMask = 2147483647;
			files = (
			);
			runOnlyForDeploymentPostprocessing = 0;
		};
		84B9449F1E6D392B00036F9F /* Frameworks */ = {
			isa = PBXFrameworksBuildPhase;
			buildActionMask = 2147483647;
			files = (
			);
			runOnlyForDeploymentPostprocessing = 0;
		};
		84B944AA1E6D392B00036F9F /* Frameworks */ = {
			isa = PBXFrameworksBuildPhase;
			buildActionMask = 2147483647;
			files = (
			);
			runOnlyForDeploymentPostprocessing = 0;
		};
/* End PBXFrameworksBuildPhase section */

/* Begin PBXGroup section */
		84B944801E6D392B00036F9F = {
			isa = PBXGroup;
			children = (
				84B9448B1E6D392B00036F9F /* WGSlideBar */,
				84B944A51E6D392B00036F9F /* WGSlideBarTests */,
				84B944B01E6D392B00036F9F /* WGSlideBarUITests */,
				84B9448A1E6D392B00036F9F /* Products */,
			);
			sourceTree = "<group>";
		};
		84B9448A1E6D392B00036F9F /* Products */ = {
			isa = PBXGroup;
			children = (
				84B944891E6D392B00036F9F /* WGSlideBar.app */,
				84B944A21E6D392B00036F9F /* WGSlideBarTests.xctest */,
				84B944AD1E6D392B00036F9F /* WGSlideBarUITests.xctest */,
			);
			name = Products;
			sourceTree = "<group>";
		};
		84B9448B1E6D392B00036F9F /* WGSlideBar */ = {
			isa = PBXGroup;
			children = (
				84B9448F1E6D392B00036F9F /* AppDelegate.h */,
				84B944901E6D392B00036F9F /* AppDelegate.m */,
				84B944921E6D392B00036F9F /* ViewController.h */,
				84B944931E6D392B00036F9F /* ViewController.m */,
				84B944BF1E6D397000036F9F /* WGSlideBar.h */,
				84B944C01E6D397000036F9F /* WGSlideBar.m */,
				84B944951E6D392B00036F9F /* Main.storyboard */,
				84B944981E6D392B00036F9F /* Assets.xcassets */,
				84B9449A1E6D392B00036F9F /* LaunchScreen.storyboard */,
				84B9449D1E6D392B00036F9F /* Info.plist */,
				84B9448C1E6D392B00036F9F /* Supporting Files */,
			);
			path = WGSlideBar;
			sourceTree = "<group>";
		};
		84B9448C1E6D392B00036F9F /* Supporting Files */ = {
			isa = PBXGroup;
			children = (
				84B9448D1E6D392B00036F9F /* main.m */,
			);
			name = "Supporting Files";
			sourceTree = "<group>";
		};
		84B944A51E6D392B00036F9F /* WGSlideBarTests */ = {
			isa = PBXGroup;
			children = (
				84B944A61E6D392B00036F9F /* WGSlideBarTests.m */,
				84B944A81E6D392B00036F9F /* Info.plist */,
			);
			path = WGSlideBarTests;
			sourceTree = "<group>";
		};
		84B944B01E6D392B00036F9F /* WGSlideBarUITests */ = {
			isa = PBXGroup;
			children = (
				84B944B11E6D392B00036F9F /* WGSlideBarUITests.m */,
				84B944B31E6D392B00036F9F /* Info.plist */,
			);
			path = WGSlideBarUITests;
			sourceTree = "<group>";
		};
/* End PBXGroup section */

/* Begin PBXNativeTarget section */
		84B944881E6D392B00036F9F /* WGSlideBar */ = {
			isa = PBXNativeTarget;
			buildConfigurationList = 84B944B61E6D392B00036F9F /* Build configuration list for PBXNativeTarget "WGSlideBar" */;
			buildPhases = (
				84B944851E6D392B00036F9F /* Sources */,
				84B944861E6D392B00036F9F /* Frameworks */,
				84B944871E6D392B00036F9F /* Resources */,
			);
			buildRules = (
			);
			dependencies = (
			);
			name = WGSlideBar;
			productName = WGSlideBar;
			productReference = 84B944891E6D392B00036F9F /* WGSlideBar.app */;
			productType = "com.apple.product-type.application";
		};
		84B944A11E6D392B00036F9F /* WGSlideBarTests */ = {
			isa = PBXNativeTarget;
			buildConfigurationList = 84B944B91E6D392B00036F9F /* Build configuration list for PBXNativeTarget "WGSlideBarTests" */;
			buildPhases = (
				84B9449E1E6D392B00036F9F /* Sources */,
				84B9449F1E6D392B00036F9F /* Frameworks */,
				84B944A01E6D392B00036F9F /* Resources */,
			);
			buildRules = (
			);
			dependencies = (
				84B944A41E6D392B00036F9F /* PBXTargetDependency */,
			);
			name = WGSlideBarTests;
			productName = WGSlideBarTests;
			productReference = 84B944A21E6D392B00036F9F /* WGSlideBarTests.xctest */;
			productType = "com.apple.product-type.bundle.unit-test";
		};
		84B944AC1E6D392B00036F9F /* WGSlideBarUITests */ = {
			isa = PBXNativeTarget;
			buildConfigurationList = 84B944BC1E6D392B00036F9F /* Build configuration list for PBXNativeTarget "WGSlideBarUITests" */;
			buildPhases = (
				84B944A91E6D392B00036F9F /* Sources */,
				84B944AA1E6D392B00036F9F /* Frameworks */,
				84B944AB1E6D392B00036F9F /* Resources */,
			);
			buildRules = (
			);
			dependencies = (
				84B944AF1E6D392B00036F9F /* PBXTargetDependency */,
			);
			name = WGSlideBarUITests;
			productName = WGSlideBarUITests;
			productReference = 84B944AD1E6D392B00036F9F /* WGSlideBarUITests.xctest */;
			productType = "com.apple.product-type.bundle.ui-testing";
		};
/* End PBXNativeTarget section */

/* Begin PBXProject section */
		84B944811E6D392B00036F9F /* Project object */ = {
			isa = PBXProject;
			attributes = {
				LastUpgradeCheck = 0820;
				ORGANIZATIONNAME = Wind;
				TargetAttributes = {
					84B944881E6D392B00036F9F = {
						CreatedOnToolsVersion = 8.2.1;
						ProvisioningStyle = Automatic;
					};
					84B944A11E6D392B00036F9F = {
						CreatedOnToolsVersion = 8.2.1;
						DevelopmentTeam = R96Z66JW5H;
						ProvisioningStyle = Automatic;
						TestTargetID = 84B944881E6D392B00036F9F;
					};
					84B944AC1E6D392B00036F9F = {
						CreatedOnToolsVersion = 8.2.1;
						DevelopmentTeam = R96Z66JW5H;
						ProvisioningStyle = Automatic;
						TestTargetID = 84B944881E6D392B00036F9F;
					};
				};
			};
			buildConfigurationList = 84B944841E6D392B00036F9F /* Build configuration list for PBXProject "WGSlideBar" */;
			compatibilityVersion = "Xcode 3.2";
			developmentRegion = English;
			hasScannedForEncodings = 0;
			knownRegions = (
				en,
				Base,
			);
			mainGroup = 84B944801E6D392B00036F9F;
			productRefGroup = 84B9448A1E6D392B00036F9F /* Products */;
			projectDirPath = "";
			projectRoot = "";
			targets = (
				84B944881E6D392B00036F9F /* WGSlideBar */,
				84B944A11E6D392B00036F9F /* WGSlideBarTests */,
				84B944AC1E6D392B00036F9F /* WGSlideBarUITests */,
			);
		};
/* End PBXProject section */

/* Begin PBXResourcesBuildPhase section */
		84B944871E6D392B00036F9F /* Resources */ = {
			isa = PBXResourcesBuildPhase;
			buildActionMask = 2147483647;
			files = (
				84B9449C1E6D392B00036F9F /* LaunchScreen.storyboard in Resources */,
				84B944991E6D392B00036F9F /* Assets.xcassets in Resources */,
				84B944971E6D392B00036F9F /* Main.storyboard in Resources */,
			);
			runOnlyForDeploymentPostprocessing = 0;
		};
		84B944A01E6D392B00036F9F /* Resources */ = {
			isa = PBXResourcesBuildPhase;
			buildActionMask = 2147483647;
			files = (
			);
			runOnlyForDeploymentPostprocessing = 0;
		};
		84B944AB1E6D392B00036F9F /* Resources */ = {
			isa = PBXResourcesBuildPhase;
			buildActionMask = 2147483647;
			files = (
			);
			runOnlyForDeploymentPostprocessing = 0;
		};
/* End PBXResourcesBuildPhase section */

/* Begin PBXSourcesBuildPhase section */
		84B944851E6D392B00036F9F /* Sources */ = {
			isa = PBXSourcesBuildPhase;
			buildActionMask = 2147483647;
			files = (
				84B944C11E6D397000036F9F /* WGSlideBar.m in Sources */,
				84B944941E6D392B00036F9F /* ViewController.m in Sources */,
				84B944911E6D392B00036F9F /* AppDelegate.m in Sources */,
				84B9448E1E6D392B00036F9F /* main.m in Sources */,
			);
			runOnlyForDeploymentPostprocessing = 0;
		};
		84B9449E1E6D392B00036F9F /* Sources */ = {
			isa = PBXSourcesBuildPhase;
			buildActionMask = 2147483647;
			files = (
				84B944A71E6D392B00036F9F /* WGSlideBarTests.m in Sources */,
			);
			runOnlyForDeploymentPostprocessing = 0;
		};
		84B944A91E6D392B00036F9F /* Sources */ = {
			isa = PBXSourcesBuildPhase;
			buildActionMask = 2147483647;
			files = (
				84B944B21E6D392B00036F9F /* WGSlideBarUITests.m in Sources */,
			);
			runOnlyForDeploymentPostprocessing = 0;
		};
/* End PBXSourcesBuildPhase section */

/* Begin PBXTargetDependency section */
		84B944A41E6D392B00036F9F /* PBXTargetDependency */ = {
			isa = PBXTargetDependency;
			target = 84B944881E6D392B00036F9F /* WGSlideBar */;
			targetProxy = 84B944A31E6D392B00036F9F /* PBXContainerItemProxy */;
		};
		84B944AF1E6D392B00036F9F /* PBXTargetDependency */ = {
			isa = PBXTargetDependency;
			target = 84B944881E6D392B00036F9F /* WGSlideBar */;
			targetProxy = 84B944AE1E6D392B00036F9F /* PBXContainerItemProxy */;
		};
/* End PBXTargetDependency section */

/* Begin PBXVariantGroup section */
		84B944951E6D392B00036F9F /* Main.storyboard */ = {
			isa = PBXVariantGroup;
			children = (
				84B944961E6D392B00036F9F /* Base */,
			);
			name = Main.storyboard;
			sourceTree = "<group>";
		};
		84B9449A1E6D392B00036F9F /* LaunchScreen.storyboard */ = {
			isa = PBXVariantGroup;
			children = (
				84B9449B1E6D392B00036F9F /* Base */,
			);
			name = LaunchScreen.storyboard;
			sourceTree = "<group>";
		};
/* End PBXVariantGroup section */

/* Begin XCBuildConfiguration section */
		84B944B41E6D392B00036F9F /* Debug */ = {
			isa = XCBuildConfiguration;
			buildSettings = {
				ALWAYS_SEARCH_USER_PATHS = NO;
				CLANG_ANALYZER_NONNULL = YES;
				CLANG_CXX_LANGUAGE_STANDARD = "gnu++0x";
				CLANG_CXX_LIBRARY = "libc++";
				CLANG_ENABLE_MODULES = YES;
				CLANG_ENABLE_OBJC_ARC = YES;
				CLANG_WARN_BOOL_CONVERSION = YES;
				CLANG_WARN_CONSTANT_CONVERSION = YES;
				CLANG_WARN_DIRECT_OBJC_ISA_USAGE = YES_ERROR;
				CLANG_WARN_DOCUMENTATION_COMMENTS = YES;
				CLANG_WARN_EMPTY_BODY = YES;
				CLANG_WARN_ENUM_CONVERSION = YES;
				CLANG_WARN_INFINITE_RECURSION = YES;
				CLANG_WARN_INT_CONVERSION = YES;
				CLANG_WARN_OBJC_ROOT_CLASS = YES_ERROR;
				CLANG_WARN_SUSPICIOUS_MOVE = YES;
				CLANG_WARN_UNREACHABLE_CODE = YES;
				CLANG_WARN__DUPLICATE_METHOD_MATCH = YES;
				"CODE_SIGN_IDENTITY[sdk=iphoneos*]" = "iPhone Developer";
				COPY_PHASE_STRIP = NO;
				DEBUG_INFORMATION_FORMAT = dwarf;
				ENABLE_STRICT_OBJC_MSGSEND = YES;
				ENABLE_TESTABILITY = YES;
				GCC_C_LANGUAGE_STANDARD = gnu99;
				GCC_DYNAMIC_NO_PIC = NO;
				GCC_NO_COMMON_BLOCKS = YES;
				GCC_OPTIMIZATION_LEVEL = 0;
				GCC_PREPROCESSOR_DEFINITIONS = (
					"DEBUG=1",
					"$(inherited)",
				);
				GCC_WARN_64_TO_32_BIT_CONVERSION = YES;
				GCC_WARN_ABOUT_RETURN_TYPE = YES_ERROR;
				GCC_WARN_UNDECLARED_SELECTOR = YES;
				GCC_WARN_UNINITIALIZED_AUTOS = YES_AGGRESSIVE;
				GCC_WARN_UNUSED_FUNCTION = YES;
				GCC_WARN_UNUSED_VARIABLE = YES;
				IPHONEOS_DEPLOYMENT_TARGET = 10.2;
				MTL_ENABLE_DEBUG_INFO = YES;
				ONLY_ACTIVE_ARCH = YES;
				SDKROOT = iphoneos;
				TARGETED_DEVICE_FAMILY = "1,2";
			};
			name = Debug;
		};
		84B944B51E6D392B00036F9F /* Release */ = {
			isa = XCBuildConfiguration;
			buildSettings = {
				ALWAYS_SEARCH_USER_PATHS = NO;
				CLANG_ANALYZER_NONNULL = YES;
				CLANG_CXX_LANGUAGE_STANDARD = "gnu++0x";
				CLANG_CXX_LIBRARY = "libc++";
				CLANG_ENABLE_MODULES = YES;
				CLANG_ENABLE_OBJC_ARC = YES;
				CLANG_WARN_BOOL_CONVERSION = YES;
				CLANG_WARN_CONSTANT_CONVERSION = YES;
				CLANG_WARN_DIRECT_OBJC_ISA_USAGE = YES_ERROR;
				CLANG_WARN_DOCUMENTATION_COMMENTS = YES;
				CLANG_WARN_EMPTY_BODY = YES;
				CLANG_WARN_ENUM_CONVERSION = YES;
				CLANG_WARN_INFINITE_RECURSION = YES;
				CLANG_WARN_INT_CONVERSION = YES;
				CLANG_WARN_OBJC_ROOT_CLASS = YES_ERROR;
				CLANG_WARN_SUSPICIOUS_MOVE = YES;
				CLANG_WARN_UNREACHABLE_CODE = YES;
				CLANG_WARN__DUPLICATE_METHOD_MATCH = YES;
				"CODE_SIGN_IDENTITY[sdk=iphoneos*]" = "iPhone Developer";
				COPY_PHASE_STRIP = NO;
				DEBUG_INFORMATION_FORMAT = "dwarf-with-dsym";
				ENABLE_NS_ASSERTIONS = NO;
				ENABLE_STRICT_OBJC_MSGSEND = YES;
				GCC_C_LANGUAGE_STANDARD = gnu99;
				GCC_NO_COMMON_BLOCKS = YES;
				GCC_WARN_64_TO_32_BIT_CONVERSION = YES;
				GCC_WARN_ABOUT_RETURN_TYPE = YES_ERROR;
				GCC_WARN_UNDECLARED_SELECTOR = YES;
				GCC_WARN_UNINITIALIZED_AUTOS = YES_AGGRESSIVE;
				GCC_WARN_UNUSED_FUNCTION = YES;
				GCC_WARN_UNUSED_VARIABLE = YES;
				IPHONEOS_DEPLOYMENT_TARGET = 10.2;
				MTL_ENABLE_DEBUG_INFO = NO;
				SDKROOT = iphoneos;
				TARGETED_DEVICE_FAMILY = "1,2";
				VALIDATE_PRODUCT = YES;
			};
			name = Release;
		};
		84B944B71E6D392B00036F9F /* Debug */ = {
			isa = XCBuildConfiguration;
			buildSettings = {
				ASSETCATALOG_COMPILER_APPICON_NAME = AppIcon;
				DEVELOPMENT_TEAM = "";
				INFOPLIST_FILE = WGSlideBar/Info.plist;
				LD_RUNPATH_SEARCH_PATHS = "$(inherited) @executable_path/Frameworks";
				PRODUCT_BUNDLE_IDENTIFIER = com.Wind.WGSlideBar;
				PRODUCT_NAME = "$(TARGET_NAME)";
			};
			name = Debug;
		};
		84B944B81E6D392B00036F9F /* Release */ = {
			isa = XCBuildConfiguration;
			buildSettings = {
				ASSETCATALOG_COMPILER_APPICON_NAME = AppIcon;
				DEVELOPMENT_TEAM = "";
				INFOPLIST_FILE = WGSlideBar/Info.plist;
				LD_RUNPATH_SEARCH_PATHS = "$(inherited) @executable_path/Frameworks";
				PRODUCT_BUNDLE_IDENTIFIER = com.Wind.WGSlideBar;
				PRODUCT_NAME = "$(TARGET_NAME)";
			};
			name = Release;
		};
		84B944BA1E6D392B00036F9F /* Debug */ = {
			isa = XCBuildConfiguration;
			buildSettings = {
				BUNDLE_LOADER = "$(TEST_HOST)";
				DEVELOPMENT_TEAM = R96Z66JW5H;
				INFOPLIST_FILE = WGSlideBarTests/Info.plist;
				LD_RUNPATH_SEARCH_PATHS = "$(inherited) @executable_path/Frameworks @loader_path/Frameworks";
				PRODUCT_BUNDLE_IDENTIFIER = com.Wind.WGSlideBarTests;
				PRODUCT_NAME = "$(TARGET_NAME)";
				TEST_HOST = "$(BUILT_PRODUCTS_DIR)/WGSlideBar.app/WGSlideBar";
			};
			name = Debug;
		};
		84B944BB1E6D392B00036F9F /* Release */ = {
			isa = XCBuildConfiguration;
			buildSettings = {
				BUNDLE_LOADER = "$(TEST_HOST)";
				DEVELOPMENT_TEAM = R96Z66JW5H;
				INFOPLIST_FILE = WGSlideBarTests/Info.plist;
				LD_RUNPATH_SEARCH_PATHS = "$(inherited) @executable_path/Frameworks @loader_path/Frameworks";
				PRODUCT_BUNDLE_IDENTIFIER = com.Wind.WGSlideBarTests;
				PRODUCT_NAME = "$(TARGET_NAME)";
				TEST_HOST = "$(BUILT_PRODUCTS_DIR)/WGSlideBar.app/WGSlideBar";
			};
			name = Release;
		};
		84B944BD1E6D392B00036F9F /* Debug */ = {
			isa = XCBuildConfiguration;
			buildSettings = {
				DEVELOPMENT_TEAM = R96Z66JW5H;
				INFOPLIST_FILE = WGSlideBarUITests/Info.plist;
				LD_RUNPATH_SEARCH_PATHS = "$(inherited) @executable_path/Frameworks @loader_path/Frameworks";
				PRODUCT_BUNDLE_IDENTIFIER = com.Wind.WGSlideBarUITests;
				PRODUCT_NAME = "$(TARGET_NAME)";
				TEST_TARGET_NAME = WGSlideBar;
			};
			name = Debug;
		};
		84B944BE1E6D392B00036F9F /* Release */ = {
			isa = XCBuildConfiguration;
			buildSettings = {
				DEVELOPMENT_TEAM = R96Z66JW5H;
				INFOPLIST_FILE = WGSlideBarUITests/Info.plist;
				LD_RUNPATH_SEARCH_PATHS = "$(inherited) @executable_path/Frameworks @loader_path/Frameworks";
				PRODUCT_BUNDLE_IDENTIFIER = com.Wind.WGSlideBarUITests;
				PRODUCT_NAME = "$(TARGET_NAME)";
				TEST_TARGET_NAME = WGSlideBar;
			};
			name = Release;
		};
/* End XCBuildConfiguration section */

/* Begin XCConfigurationList section */
		84B944841E6D392B00036F9F /* Build configuration list for PBXProject "WGSlideBar" */ = {
			isa = XCConfigurationList;
			buildConfigurations = (
				84B944B41E6D392B00036F9F /* Debug */,
				84B944B51E6D392B00036F9F /* Release */,
			);
			defaultConfigurationIsVisible = 0;
			defaultConfigurationName = Release;
		};
		84B944B61E6D392B00036F9F /* Build configuration list for PBXNativeTarget "WGSlideBar" */ = {
			isa = XCConfigurationList;
			buildConfigurations = (
				84B944B71E6D392B00036F9F /* Debug */,
				84B944B81E6D392B00036F9F /* Release */,
			);
			defaultConfigurationIsVisible = 0;
			defaultConfigurationName = Release;
		};
		84B944B91E6D392B00036F9F /* Build configuration list for PBXNativeTarget "WGSlideBarTests" */ = {
			isa = XCConfigurationList;
			buildConfigurations = (
				84B944BA1E6D392B00036F9F /* Debug */,
				84B944BB1E6D392B00036F9F /* Release */,
			);
			defaultConfigurationIsVisible = 0;
			defaultConfigurationName = Release;
		};
		84B944BC1E6D392B00036F9F /* Build configuration list for PBXNativeTarget "WGSlideBarUITests" */ = {
			isa = XCConfigurationList;
			buildConfigurations = (
				84B944BD1E6D392B00036F9F /* Debug */,
				84B944BE1E6D392B00036F9F /* Release */,
			);
			defaultConfigurationIsVisible = 0;
			defaultConfigurationName = Release;
		};
/* End XCConfigurationList section */
	};
	rootObject = 84B944811E6D392B00036F9F /* Project object */;
}
